
Microsoft Visual Studio Solution File, Format Version 12.00
# Visual Studio Version 16
VisualStudioVersion = 16.0.31829.152
MinimumVisualStudioVersion = 10.0.40219.1
Project("{FAE04EC0-301F-11D3-BF4B-00C04F79EFBC}") = "EmployeeMVC", "EmployeeMVC\EmployeeMVC.csproj", "{999EF579-711B-4436-9553-B6FC2D0D1DEE}"
EndProject
Project("{FAE04EC0-301F-11D3-BF4B-00C04F79EFBC}") = "EmployeeCommon", "EmployeeCommon\EmployeeCommon.csproj", "{10FDFD4F-F630-4B64-BF59-20568A1BD109}"
EndProject
Global
	GlobalSection(SolutionConfigurationPlatforms) = preSolution
		Debug|Any CPU = Debug|Any CPU
		Release|Any CPU = Release|Any CPU
	EndGlobalSection
	GlobalSection(ProjectConfigurationPlatforms) = postSolution
		{999EF579-711B-4436-9553-B6FC2D0D1DEE}.Debug|Any CPU.ActiveCfg = Debug|Any CPU
		{999EF579-711B-4436-9553-B6FC2D0D1DEE}.Debug|Any CPU.Build.0 = Debug|Any CPU
		{999EF579-711B-4436-9553-B6FC2D0D1DEE}.Release|Any CPU.ActiveCfg = Release|Any CPU
		{999EF579-711B-4436-9553-B6FC2D0D1DEE}.Release|Any CPU.Build.0 = Release|Any CPU
		{10FDFD4F-F630-4B64-BF59-20568A1BD109}.Debug|Any CPU.ActiveCfg = Debug|Any CPU
		{10FDFD4F-F630-4B64-BF59-20568A1BD109}.Debug|Any CPU.Build.0 = Debug|Any CPU
		{10FDFD4F-F630-4B64-BF59-20568A1BD109}.Release|Any CPU.ActiveCfg = Release|Any CPU
		{10FDFD4F-F630-4B64-BF59-20568A1BD109}.Release|Any CPU.Build.0 = Release|Any CPU
	EndGlobalSection
	GlobalSection(SolutionProperties) = preSolution
		HideSolutionNode = FALSE
	EndGlobalSection
	GlobalSection(ExtensibilityGlobals) = postSolution
		SolutionGuid = {B8E0968B-CC0C-49F5-B96F-45E2EE409EAC}
	EndGlobalSection
EndGlobal
